// !$*UTF8*$!
{
	archiveVersion = 1;
	classes = {
	};
	objectVersion = 46;
	objects = {

/* Begin PBXBuildFile section */
		AE6E65531EC8CCBE00ACB574 /* main.cpp in Sources */ = {isa = PBXBuildFile; fileRef = AE6E654F1EC8CCBE00ACB574 /* main.cpp */; };
		AE6E65541EC8CCBE00ACB574 /* particle_filter.cpp in Sources */ = {isa = PBXBuildFile; fileRef = AE6E65511EC8CCBE00ACB574 /* particle_filter.cpp */; };
/* End PBXBuildFile section */

/* Begin PBXCopyFilesBuildPhase section */
		AE6E65421EC8CC9400ACB574 /* CopyFiles */ = {
			isa = PBXCopyFilesBuildPhase;
			buildActionMask = 2147483647;
			dstPath = /usr/share/man/man1/;
			dstSubfolderSpec = 0;
			files = (
			);
			runOnlyForDeploymentPostprocessing = 1;
		};
/* End PBXCopyFilesBuildPhase section */

/* Begin PBXFileReference section */
		AE6E65441EC8CC9400ACB574 /* KidnapedVehicle */ = {isa = PBXFileReference; explicitFileType = "compiled.mach-o.executable"; includeInIndex = 0; path = KidnapedVehicle; sourceTree = BUILT_PRODUCTS_DIR; };
		AE6E654E1EC8CCBE00ACB574 /* helper_functions.h */ = {isa = PBXFileReference; fileEncoding = 4; lastKnownFileType = sourcecode.c.h; name = helper_functions.h; path = ../../src/helper_functions.h; sourceTree = "<group>"; };
		AE6E654F1EC8CCBE00ACB574 /* main.cpp */ = {isa = PBXFileReference; fileEncoding = 4; lastKnownFileType = sourcecode.cpp.cpp; name = main.cpp; path = ../../src/main.cpp; sourceTree = "<group>"; };
		AE6E65501EC8CCBE00ACB574 /* map.h */ = {isa = PBXFileReference; fileEncoding = 4; lastKnownFileType = sourcecode.c.h; name = map.h; path = ../../src/map.h; sourceTree = "<group>"; };
		AE6E65511EC8CCBE00ACB574 /* particle_filter.cpp */ = {isa = PBXFileReference; fileEncoding = 4; lastKnownFileType = sourcecode.cpp.cpp; name = particle_filter.cpp; path = ../../src/particle_filter.cpp; sourceTree = "<group>"; };
		AE6E65521EC8CCBE00ACB574 /* particle_filter.h */ = {isa = PBXFileReference; fileEncoding = 4; lastKnownFileType = sourcecode.c.h; name = particle_filter.h; path = ../../src/particle_filter.h; sourceTree = "<group>"; };
/* End PBXFileReference section */

/* Begin PBXFrameworksBuildPhase section */
		AE6E65411EC8CC9400ACB574 /* Frameworks */ = {
			isa = PBXFrameworksBuildPhase;
			buildActionMask = 2147483647;
			files = (
			);
			runOnlyForDeploymentPostprocessing = 0;
		};
/* End PBXFrameworksBuildPhase section */

/* Begin PBXGroup section */
		AE6E653B1EC8CC9400ACB574 = {
			isa = PBXGroup;
			children = (
				AE6E65461EC8CC9400ACB574 /* KidnapedVehicle */,
				AE6E65451EC8CC9400ACB574 /* Products */,
			);
			sourceTree = "<group>";
		};
		AE6E65451EC8CC9400ACB574 /* Products */ = {
			isa = PBXGroup;
			children = (
				AE6E65441EC8CC9400ACB574 /* KidnapedVehicle */,
			);
			name = Products;
			sourceTree = "<group>";
		};
		AE6E65461EC8CC9400ACB574 /* KidnapedVehicle */ = {
			isa = PBXGroup;
			children = (
				AE6E654E1EC8CCBE00ACB574 /* helper_functions.h */,
				AE6E654F1EC8CCBE00ACB574 /* main.cpp */,
				AE6E65501EC8CCBE00ACB574 /* map.h */,
				AE6E65511EC8CCBE00ACB574 /* particle_filter.cpp */,
				AE6E65521EC8CCBE00ACB574 /* particle_filter.h */,
			);
			path = KidnapedVehicle;
			sourceTree = "<group>";
		};
/* End PBXGroup section */

/* Begin PBXNativeTarget section */
		AE6E65431EC8CC9400ACB574 /* KidnapedVehicle */ = {
			isa = PBXNativeTarget;
			buildConfigurationList = AE6E654B1EC8CC9400ACB574 /* Build configuration list for PBXNativeTarget "KidnapedVehicle" */;
			buildPhases = (
				AE6E65401EC8CC9400ACB574 /* Sources */,
				AE6E65411EC8CC9400ACB574 /* Frameworks */,
				AE6E65421EC8CC9400ACB574 /* CopyFiles */,
			);
			buildRules = (
			);
			dependencies = (
			);
			name = KidnapedVehicle;
			productName = KidnapedVehicle;
			productReference = AE6E65441EC8CC9400ACB574 /* KidnapedVehicle */;
			productType = "com.apple.product-type.tool";
		};
/* End PBXNativeTarget section */

/* Begin PBXProject section */
		AE6E653C1EC8CC9400ACB574 /* Project object */ = {
			isa = PBXProject;
			attributes = {
				LastUpgradeCheck = 0720;
				ORGANIZATIONNAME = "Jean-Francois Vanreusel";
				TargetAttributes = {
					AE6E65431EC8CC9400ACB574 = {
						CreatedOnToolsVersion = 7.2.1;
					};
				};
			};
			buildConfigurationList = AE6E653F1EC8CC9400ACB574 /* Build configuration list for PBXProject "KidnapedVehicle" */;
			compatibilityVersion = "Xcode 3.2";
			developmentRegion = English;
			hasScannedForEncodings = 0;
			knownRegions = (
				en,
			);
			mainGroup = AE6E653B1EC8CC9400ACB574;
			productRefGroup = AE6E65451EC8CC9400ACB574 /* Products */;
			projectDirPath = "";
			projectRoot = "";
			targets = (
				AE6E65431EC8CC9400ACB574 /* KidnapedVehicle */,
			);
		};
/* End PBXProject section */

/* Begin PBXSourcesBuildPhase section */
		AE6E65401EC8CC9400ACB574 /* Sources */ = {
			isa = PBXSourcesBuildPhase;
			buildActionMask = 2147483647;
			files = (
				AE6E65531EC8CCBE00ACB574 /* main.cpp in Sources */,
				AE6E65541EC8CCBE00ACB574 /* particle_filter.cpp in Sources */,
			);
			runOnlyForDeploymentPostprocessing = 0;
		};
/* End PBXSourcesBuildPhase section */

/* Begin XCBuildConfiguration section */
		AE6E65491EC8CC9400ACB574 /* Debug */ = {
			isa = XCBuildConfiguration;
			buildSettings = {
				ALWAYS_SEARCH_USER_PATHS = NO;
				CLANG_CXX_LANGUAGE_STANDARD = "gnu++0x";
				CLANG_CXX_LIBRARY = "libc++";
				CLANG_ENABLE_MODULES = YES;
				CLANG_ENABLE_OBJC_ARC = YES;
				CLANG_WARN_BOOL_CONVERSION = YES;
				CLANG_WARN_CONSTANT_CONVERSION = YES;
				CLANG_WARN_DIRECT_OBJC_ISA_USAGE = YES_ERROR;
				CLANG_WARN_EMPTY_BODY = YES;
				CLANG_WARN_ENUM_CONVERSION = YES;
				CLANG_WARN_INT_CONVERSION = YES;
				CLANG_WARN_OBJC_ROOT_CLASS = YES_ERROR;
				CLANG_WARN_UNREACHABLE_CODE = YES;
				CLANG_WARN__DUPLICATE_METHOD_MATCH = YES;
				CODE_SIGN_IDENTITY = "-";
				COPY_PHASE_STRIP = NO;
				DEBUG_INFORMATION_FORMAT = dwarf;
				ENABLE_STRICT_OBJC_MSGSEND = YES;
				ENABLE_TESTABILITY = YES;
				GCC_C_LANGUAGE_STANDARD = gnu99;
				GCC_DYNAMIC_NO_PIC = NO;
				GCC_NO_COMMON_BLOCKS = YES;
				GCC_OPTIMIZATION_LEVEL = 0;
				GCC_PREPROCESSOR_DEFINITIONS = (
					"DEBUG=1",
					"$(inherited)",
				);
				GCC_WARN_64_TO_32_BIT_CONVERSION = YES;
				GCC_WARN_ABOUT_RETURN_TYPE = YES_ERROR;
				GCC_WARN_UNDECLARED_SELECTOR = YES;
				GCC_WARN_UNINITIALIZED_AUTOS = YES_AGGRESSIVE;
				GCC_WARN_UNUSED_FUNCTION = YES;
				GCC_WARN_UNUSED_VARIABLE = YES;
				MACOSX_DEPLOYMENT_TARGET = 10.10;
				MTL_ENABLE_DEBUG_INFO = YES;
				ONLY_ACTIVE_ARCH = YES;
				SDKROOT = macosx;
			};
			name = Debug;
		};
		AE6E654A1EC8CC9400ACB574 /* Release */ = {
			isa = XCBuildConfiguration;
			buildSettings = {
				ALWAYS_SEARCH_USER_PATHS = NO;
				CLANG_CXX_LANGUAGE_STANDARD = "gnu++0x";
				CLANG_CXX_LIBRARY = "libc++";
				CLANG_ENABLE_MODULES = YES;
				CLANG_ENABLE_OBJC_ARC = YES;
				CLANG_WARN_BOOL_CONVERSION = YES;
				CLANG_WARN_CONSTANT_CONVERSION = YES;
				CLANG_WARN_DIRECT_OBJC_ISA_USAGE = YES_ERROR;
				CLANG_WARN_EMPTY_BODY = YES;
				CLANG_WARN_ENUM_CONVERSION = YES;
				CLANG_WARN_INT_CONVERSION = YES;
				CLANG_WARN_OBJC_ROOT_CLASS = YES_ERROR;
				CLANG_WARN_UNREACHABLE_CODE = YES;
				CLANG_WARN__DUPLICATE_METHOD_MATCH = YES;
				CODE_SIGN_IDENTITY = "-";
				COPY_PHASE_STRIP = NO;
				DEBUG_INFORMATION_FORMAT = "dwarf-with-dsym";
				ENABLE_NS_ASSERTIONS = NO;
				ENABLE_STRICT_OBJC_MSGSEND = YES;
				GCC_C_LANGUAGE_STANDARD = gnu99;
				GCC_NO_COMMON_BLOCKS = YES;
				GCC_WARN_64_TO_32_BIT_CONVERSION = YES;
				GCC_WARN_ABOUT_RETURN_TYPE = YES_ERROR;
				GCC_WARN_UNDECLARED_SELECTOR = YES;
				GCC_WARN_UNINITIALIZED_AUTOS = YES_AGGRESSIVE;
				GCC_WARN_UNUSED_FUNCTION = YES;
				GCC_WARN_UNUSED_VARIABLE = YES;
				MACOSX_DEPLOYMENT_TARGET = 10.10;
				MTL_ENABLE_DEBUG_INFO = NO;
				SDKROOT = macosx;
			};
			name = Release;
		};
		AE6E654C1EC8CC9400ACB574 /* Debug */ = {
			isa = XCBuildConfiguration;
			buildSettings = {
				PRODUCT_NAME = "$(TARGET_NAME)";
			};
			name = Debug;
		};
		AE6E654D1EC8CC9400ACB574 /* Release */ = {
			isa = XCBuildConfiguration;
			buildSettings = {
				PRODUCT_NAME = "$(TARGET_NAME)";
			};
			name = Release;
		};
/* End XCBuildConfiguration section */

/* Begin XCConfigurationList section */
		AE6E653F1EC8CC9400ACB574 /* Build configuration list for PBXProject "KidnapedVehicle" */ = {
			isa = XCConfigurationList;
			buildConfigurations = (
				AE6E65491EC8CC9400ACB574 /* Debug */,
				AE6E654A1EC8CC9400ACB574 /* Release */,
			);
			defaultConfigurationIsVisible = 0;
			defaultConfigurationName = Release;
		};
		AE6E654B1EC8CC9400ACB574 /* Build configuration list for PBXNativeTarget "KidnapedVehicle" */ = {
			isa = XCConfigurationList;
			buildConfigurations = (
				AE6E654C1EC8CC9400ACB574 /* Debug */,
				AE6E654D1EC8CC9400ACB574 /* Release */,
			);
			defaultConfigurationIsVisible = 0;
		};
/* End XCConfigurationList section */
	};
	rootObject = AE6E653C1EC8CC9400ACB574 /* Project object */;
}
